
Microsoft Visual Studio Solution File, Format Version 12.00
# Visual Studio 15
VisualStudioVersion = 15.0.26430.14
MinimumVisualStudioVersion = 10.0.40219.1
Project("{888888A0-9F3D-457C-B088-3A5042F75D52}") = "05PageLinking", "05PageLinking\05PageLinking.pyproj", "{9768E7BD-FCE5-4FB1-89D8-78325AEF1B1D}"
EndProject
Global
	GlobalSection(SolutionConfigurationPlatforms) = preSolution
		Debug|Any CPU = Debug|Any CPU
		Release|Any CPU = Release|Any CPU
	EndGlobalSection
	GlobalSection(ProjectConfigurationPlatforms) = postSolution
		{9768E7BD-FCE5-4FB1-89D8-78325AEF1B1D}.Debug|Any CPU.ActiveCfg = Debug|Any CPU
		{9768E7BD-FCE5-4FB1-89D8-78325AEF1B1D}.Debug|Any CPU.Build.0 = Debug|Any CPU
		{9768E7BD-FCE5-4FB1-89D8-78325AEF1B1D}.Release|Any CPU.ActiveCfg = Release|Any CPU
		{9768E7BD-FCE5-4FB1-89D8-78325AEF1B1D}.Release|Any CPU.Build.0 = Release|Any CPU
	EndGlobalSection
	GlobalSection(SolutionProperties) = preSolution
		HideSolutionNode = FALSE
	EndGlobalSection
EndGlobal
